
Microsoft Visual Studio Solution File, Format Version 12.00
# Visual Studio Version 16
VisualStudioVersion = 16.0.30104.148
MinimumVisualStudioVersion = 10.0.40219.1
Project("{FAE04EC0-301F-11D3-BF4B-00C04F79EFBC}") = "FoxdonRetail", "FoxdonRetail.csproj", "{AD7E1F39-4705-4304-A58E-BE235F2204F1}"
EndProject
Global
	GlobalSection(SolutionConfigurationPlatforms) = preSolution
		Debug|Any CPU = Debug|Any CPU
		Release|Any CPU = Release|Any CPU
	EndGlobalSection
	GlobalSection(ProjectConfigurationPlatforms) = postSolution
		{AD7E1F39-4705-4304-A58E-BE235F2204F1}.Debug|Any CPU.ActiveCfg = Debug|Any CPU
		{AD7E1F39-4705-4304-A58E-BE235F2204F1}.Debug|Any CPU.Build.0 = Debug|Any CPU
		{AD7E1F39-4705-4304-A58E-BE235F2204F1}.Release|Any CPU.ActiveCfg = Release|Any CPU
		{AD7E1F39-4705-4304-A58E-BE235F2204F1}.Release|Any CPU.Build.0 = Release|Any CPU
	EndGlobalSection
	GlobalSection(SolutionProperties) = preSolution
		HideSolutionNode = FALSE
	EndGlobalSection
	GlobalSection(ExtensibilityGlobals) = postSolution
		SolutionGuid = {6AF1EE65-ED5F-4E95-A1FF-6E33515AF886}
	EndGlobalSection
EndGlobal
